
Microsoft Visual Studio Solution File, Format Version 12.00
# Visual Studio 15
VisualStudioVersion = 15.0.27703.2026
MinimumVisualStudioVersion = 10.0.40219.1
Project("{FAE04EC0-301F-11D3-BF4B-00C04F79EFBC}") = "LeDad", "LeDad\LeDad.csproj", "{1DA8ABD4-0FE1-4749-8D62-A8946F517C61}"
EndProject
Global
	GlobalSection(SolutionConfigurationPlatforms) = preSolution
		Debug|Any CPU = Debug|Any CPU
		Release|Any CPU = Release|Any CPU
	EndGlobalSection
	GlobalSection(ProjectConfigurationPlatforms) = postSolution
		{1DA8ABD4-0FE1-4749-8D62-A8946F517C61}.Debug|Any CPU.ActiveCfg = Debug|Any CPU
		{1DA8ABD4-0FE1-4749-8D62-A8946F517C61}.Debug|Any CPU.Build.0 = Debug|Any CPU
		{1DA8ABD4-0FE1-4749-8D62-A8946F517C61}.Release|Any CPU.ActiveCfg = Release|Any CPU
		{1DA8ABD4-0FE1-4749-8D62-A8946F517C61}.Release|Any CPU.Build.0 = Release|Any CPU
	EndGlobalSection
	GlobalSection(SolutionProperties) = preSolution
		HideSolutionNode = FALSE
	EndGlobalSection
	GlobalSection(ExtensibilityGlobals) = postSolution
		SolutionGuid = {2D0BF01D-36A0-49AE-BB13-0FF0C05547A2}
	EndGlobalSection
EndGlobal
